
Microsoft Visual Studio Solution File, Format Version 12.00
# Visual Studio 14
VisualStudioVersion = 14.0.25123.0
MinimumVisualStudioVersion = 10.0.40219.1
Project("{FAE04EC0-301F-11D3-BF4B-00C04F79EFBC}") = "rm-trailing-space", "rm-trailing-space.csproj", "{A5FD4C02-1EC5-422E-A839-09930AFA6D2C}"
EndProject
Global
	GlobalSection(SolutionConfigurationPlatforms) = preSolution
		Debug|Any CPU = Debug|Any CPU
		Release|Any CPU = Release|Any CPU
	EndGlobalSection
	GlobalSection(ProjectConfigurationPlatforms) = postSolution
		{A5FD4C02-1EC5-422E-A839-09930AFA6D2C}.Debug|Any CPU.ActiveCfg = Debug|Any CPU
		{A5FD4C02-1EC5-422E-A839-09930AFA6D2C}.Debug|Any CPU.Build.0 = Debug|Any CPU
		{A5FD4C02-1EC5-422E-A839-09930AFA6D2C}.Release|Any CPU.ActiveCfg = Release|Any CPU
		{A5FD4C02-1EC5-422E-A839-09930AFA6D2C}.Release|Any CPU.Build.0 = Release|Any CPU
	EndGlobalSection
	GlobalSection(SolutionProperties) = preSolution
		HideSolutionNode = FALSE
	EndGlobalSection
EndGlobal
